
Microsoft Visual Studio Solution File, Format Version 12.00
# Visual Studio Version 17
VisualStudioVersion = 17.1.32328.378
MinimumVisualStudioVersion = 10.0.40219.1
Project("{9A19103F-16F7-4668-BE54-9A1E7A4F7556}") = "NHibernateDemo", "NHibernateDemo\NHibernateDemo.csproj", "{962681D5-BACE-4318-BE26-24F7FBA53BBF}"
EndProject
Project("{FAE04EC0-301F-11D3-BF4B-00C04F79EFBC}") = "NHibernateDemo.Tests", "NHibernateDemo.Test\NHibernateDemo.Tests.csproj", "{6F3E936D-C29C-42E8-AD4A-8068AC893131}"
EndProject
Global
	GlobalSection(SolutionConfigurationPlatforms) = preSolution
		Debug|Any CPU = Debug|Any CPU
		Release|Any CPU = Release|Any CPU
	EndGlobalSection
	GlobalSection(ProjectConfigurationPlatforms) = postSolution
		{962681D5-BACE-4318-BE26-24F7FBA53BBF}.Debug|Any CPU.ActiveCfg = Debug|Any CPU
		{962681D5-BACE-4318-BE26-24F7FBA53BBF}.Debug|Any CPU.Build.0 = Debug|Any CPU
		{962681D5-BACE-4318-BE26-24F7FBA53BBF}.Release|Any CPU.ActiveCfg = Release|Any CPU
		{962681D5-BACE-4318-BE26-24F7FBA53BBF}.Release|Any CPU.Build.0 = Release|Any CPU
		{6F3E936D-C29C-42E8-AD4A-8068AC893131}.Debug|Any CPU.ActiveCfg = Debug|Any CPU
		{6F3E936D-C29C-42E8-AD4A-8068AC893131}.Debug|Any CPU.Build.0 = Debug|Any CPU
		{6F3E936D-C29C-42E8-AD4A-8068AC893131}.Release|Any CPU.ActiveCfg = Release|Any CPU
		{6F3E936D-C29C-42E8-AD4A-8068AC893131}.Release|Any CPU.Build.0 = Release|Any CPU
	EndGlobalSection
	GlobalSection(SolutionProperties) = preSolution
		HideSolutionNode = FALSE
	EndGlobalSection
	GlobalSection(ExtensibilityGlobals) = postSolution
		SolutionGuid = {9C705097-3F22-41EA-8B79-378A034B8D63}
	EndGlobalSection
EndGlobal
